
Microsoft Visual Studio Solution File, Format Version 12.00
# Visual Studio Version 17
VisualStudioVersion = 17.0.31903.59
MinimumVisualStudioVersion = 10.0.40219.1
Project("{2150E333-8FDC-42A3-9474-1A3956D46DE8}") = "src", "src", "{CE4A71CB-6D92-4488-AF31-3E6F0AE1E354}"
EndProject
Project("{FAE04EC0-301F-11D3-BF4B-00C04F79EFBC}") = "Contact.Network.Domain", "src\Contact.Network.Domain\Contact.Network.Domain.csproj", "{B05FF643-C06E-4559-BBC4-52DFC99F5C13}"
EndProject
Project("{FAE04EC0-301F-11D3-BF4B-00C04F79EFBC}") = "Contact.Network.Service", "src\Contact.Network.Service\Contact.Network.Service.csproj", "{B7321F16-0D61-439A-8C11-48846EBFD857}"
EndProject
Project("{FAE04EC0-301F-11D3-BF4B-00C04F79EFBC}") = "Contact.Network.Api", "src\Contact.Network.Api\Contact.Network.Api.csproj", "{A3CF3D48-D113-4BE4-8BEF-70EC63E33DE7}"
EndProject
Project("{FAE04EC0-301F-11D3-BF4B-00C04F79EFBC}") = "Contact.Network.Domain.Tests", "tests\Contact.Network.Domain.Tests\Contact.Network.Domain.Tests.csproj", "{EDB3DA09-35AF-4997-BB50-F9E91A10E898}"
EndProject
Project("{2150E333-8FDC-42A3-9474-1A3956D46DE8}") = "tests", "tests", "{9BDF9A54-F559-40A9-B5BB-1D6899E11B69}"
EndProject
Global
	GlobalSection(SolutionConfigurationPlatforms) = preSolution
		Debug|Any CPU = Debug|Any CPU
		Release|Any CPU = Release|Any CPU
	EndGlobalSection
	GlobalSection(SolutionProperties) = preSolution
		HideSolutionNode = FALSE
	EndGlobalSection
	GlobalSection(ProjectConfigurationPlatforms) = postSolution
		{B05FF643-C06E-4559-BBC4-52DFC99F5C13}.Debug|Any CPU.ActiveCfg = Debug|Any CPU
		{B05FF643-C06E-4559-BBC4-52DFC99F5C13}.Debug|Any CPU.Build.0 = Debug|Any CPU
		{B05FF643-C06E-4559-BBC4-52DFC99F5C13}.Release|Any CPU.ActiveCfg = Release|Any CPU
		{B05FF643-C06E-4559-BBC4-52DFC99F5C13}.Release|Any CPU.Build.0 = Release|Any CPU
		{B7321F16-0D61-439A-8C11-48846EBFD857}.Debug|Any CPU.ActiveCfg = Debug|Any CPU
		{B7321F16-0D61-439A-8C11-48846EBFD857}.Debug|Any CPU.Build.0 = Debug|Any CPU
		{B7321F16-0D61-439A-8C11-48846EBFD857}.Release|Any CPU.ActiveCfg = Release|Any CPU
		{B7321F16-0D61-439A-8C11-48846EBFD857}.Release|Any CPU.Build.0 = Release|Any CPU
		{A3CF3D48-D113-4BE4-8BEF-70EC63E33DE7}.Debug|Any CPU.ActiveCfg = Debug|Any CPU
		{A3CF3D48-D113-4BE4-8BEF-70EC63E33DE7}.Debug|Any CPU.Build.0 = Debug|Any CPU
		{A3CF3D48-D113-4BE4-8BEF-70EC63E33DE7}.Release|Any CPU.ActiveCfg = Release|Any CPU
		{A3CF3D48-D113-4BE4-8BEF-70EC63E33DE7}.Release|Any CPU.Build.0 = Release|Any CPU
		{EDB3DA09-35AF-4997-BB50-F9E91A10E898}.Debug|Any CPU.ActiveCfg = Debug|Any CPU
		{EDB3DA09-35AF-4997-BB50-F9E91A10E898}.Debug|Any CPU.Build.0 = Debug|Any CPU
		{EDB3DA09-35AF-4997-BB50-F9E91A10E898}.Release|Any CPU.ActiveCfg = Release|Any CPU
		{EDB3DA09-35AF-4997-BB50-F9E91A10E898}.Release|Any CPU.Build.0 = Release|Any CPU
	EndGlobalSection
	GlobalSection(NestedProjects) = preSolution
		{B05FF643-C06E-4559-BBC4-52DFC99F5C13} = {CE4A71CB-6D92-4488-AF31-3E6F0AE1E354}
		{B7321F16-0D61-439A-8C11-48846EBFD857} = {CE4A71CB-6D92-4488-AF31-3E6F0AE1E354}
		{A3CF3D48-D113-4BE4-8BEF-70EC63E33DE7} = {CE4A71CB-6D92-4488-AF31-3E6F0AE1E354}
		{EDB3DA09-35AF-4997-BB50-F9E91A10E898} = {9BDF9A54-F559-40A9-B5BB-1D6899E11B69}
	EndGlobalSection
EndGlobal
